{
  "originHash" : "e499b2215a68ae4acc51d7472142787e82a07e34a4a8e04a5fdd0aef8a9ab0e2",
  "pins" : [
    {
      "identity" : "mpvkit",
      "kind" : "remoteSourceControl",
      "location" : "https://github.com/MazeDev7/MPVKit",
      "state" : {
        "revision" : "0d0931fbbb25a3483a7edb46babd3f2f55abeefc"
      }
    },
    {
      "identity" : "vlckit-spm",
      "kind" : "remoteSourceControl",
      "location" : "https://github.com/MazeDev7/vlckit-spm",
      "state" : {
        "revision" : "1ecaebe1fee883b6c53232da68de7215f4cb3d70",
        "version" : "3.6.0"
      }
    }
  ],
  "version" : 3
}
