{
  "originHash" : "ef00e3d8fbb2d30a5feeffd901afe269da81ef29cbd621b41e76ca47bb5e65af",
  "pins" : [
    {
      "identity" : "mpvkit",
      "kind" : "remoteSourceControl",
      "location" : "https://github.com/mpvkit/MPVKit.git",
      "state" : {
        "revision" : "6401bcb8afd2959582eff06f99d055a66442f3ce"
      }
    }
  ],
  "version" : 3
}
